
Microsoft Visual Studio Solution File, Format Version 12.00
# Visual Studio Version 16
VisualStudioVersion = 16.0.29424.173
MinimumVisualStudioVersion = 10.0.40219.1
Project("{9A19103F-16F7-4668-BE54-9A1E7A4F7556}") = "HttpTest", "HttpTest\HttpTest.csproj", "{F2E4CE8F-276C-4D89-8F00-4F3851191013}"
EndProject
Global
	GlobalSection(SolutionConfigurationPlatforms) = preSolution
		Debug|Any CPU = Debug|Any CPU
		Release|Any CPU = Release|Any CPU
	EndGlobalSection
	GlobalSection(ProjectConfigurationPlatforms) = postSolution
		{F2E4CE8F-276C-4D89-8F00-4F3851191013}.Debug|Any CPU.ActiveCfg = Debug|Any CPU
		{F2E4CE8F-276C-4D89-8F00-4F3851191013}.Debug|Any CPU.Build.0 = Debug|Any CPU
		{F2E4CE8F-276C-4D89-8F00-4F3851191013}.Release|Any CPU.ActiveCfg = Release|Any CPU
		{F2E4CE8F-276C-4D89-8F00-4F3851191013}.Release|Any CPU.Build.0 = Release|Any CPU
	EndGlobalSection
	GlobalSection(SolutionProperties) = preSolution
		HideSolutionNode = FALSE
	EndGlobalSection
	GlobalSection(ExtensibilityGlobals) = postSolution
		SolutionGuid = {096D2273-120F-42E9-B55A-F0578E407A8A}
	EndGlobalSection
EndGlobal
